
Microsoft Visual Studio Solution File, Format Version 12.00
# Visual Studio Version 17
VisualStudioVersion = 17.6.33723.286
MinimumVisualStudioVersion = 10.0.40219.1
Project("{FAE04EC0-301F-11D3-BF4B-00C04F79EFBC}") = "Homework_12", "Homework_12\Homework_12.csproj", "{427E73B3-C4D8-4AA7-8449-8FA1D4FAD6DE}"
EndProject
Global
	GlobalSection(SolutionConfigurationPlatforms) = preSolution
		Debug|Any CPU = Debug|Any CPU
		Release|Any CPU = Release|Any CPU
	EndGlobalSection
	GlobalSection(ProjectConfigurationPlatforms) = postSolution
		{427E73B3-C4D8-4AA7-8449-8FA1D4FAD6DE}.Debug|Any CPU.ActiveCfg = Debug|Any CPU
		{427E73B3-C4D8-4AA7-8449-8FA1D4FAD6DE}.Debug|Any CPU.Build.0 = Debug|Any CPU
		{427E73B3-C4D8-4AA7-8449-8FA1D4FAD6DE}.Release|Any CPU.ActiveCfg = Release|Any CPU
		{427E73B3-C4D8-4AA7-8449-8FA1D4FAD6DE}.Release|Any CPU.Build.0 = Release|Any CPU
	EndGlobalSection
	GlobalSection(SolutionProperties) = preSolution
		HideSolutionNode = FALSE
	EndGlobalSection
	GlobalSection(ExtensibilityGlobals) = postSolution
		SolutionGuid = {073F0822-2B6E-4FA8-874D-4D92B61254EB}
	EndGlobalSection
EndGlobal
